
Microsoft Visual Studio Solution File, Format Version 12.00
# Visual Studio Version 16
VisualStudioVersion = 16.0.31515.178
MinimumVisualStudioVersion = 10.0.40219.1
Project("{FAE04EC0-301F-11D3-BF4B-00C04F79EFBC}") = "DarwoftBack1", "DarwoftBack1\DarwoftBack1.csproj", "{32A545CC-FD8E-443D-B0E9-2ECCB302ABD9}"
EndProject
Global
	GlobalSection(SolutionConfigurationPlatforms) = preSolution
		Debug|Any CPU = Debug|Any CPU
		Release|Any CPU = Release|Any CPU
	EndGlobalSection
	GlobalSection(ProjectConfigurationPlatforms) = postSolution
		{32A545CC-FD8E-443D-B0E9-2ECCB302ABD9}.Debug|Any CPU.ActiveCfg = Debug|Any CPU
		{32A545CC-FD8E-443D-B0E9-2ECCB302ABD9}.Debug|Any CPU.Build.0 = Debug|Any CPU
		{32A545CC-FD8E-443D-B0E9-2ECCB302ABD9}.Release|Any CPU.ActiveCfg = Release|Any CPU
		{32A545CC-FD8E-443D-B0E9-2ECCB302ABD9}.Release|Any CPU.Build.0 = Release|Any CPU
	EndGlobalSection
	GlobalSection(SolutionProperties) = preSolution
		HideSolutionNode = FALSE
	EndGlobalSection
	GlobalSection(ExtensibilityGlobals) = postSolution
		SolutionGuid = {A747ECA6-E88E-4908-BD22-501EB3C02B09}
	EndGlobalSection
EndGlobal
